{
  "name": "@synterra/spinal-rxjs",
  "version": "0.1.2",
  "lockfileVersion": 1,
  "requires": true,
  "dependencies": {
    "@types/node": {
      "version": "16.3.2",
      "resolved": "https://registry.npmjs.org/@types/node/-/node-16.3.2.tgz",
      "integrity": "sha512-jJs9ErFLP403I+hMLGnqDRWT0RYKSvArxuBVh2veudHV7ifEC1WAmjJADacZ7mRbA2nWgHtn8xyECMAot0SkAw==",
      "dev": true
    },
    "rxjs": {
      "version": "7.2.0",
      "resolved": "https://registry.npmjs.org/rxjs/-/rxjs-7.2.0.tgz",
      "integrity": "sha512-aX8w9OpKrQmiPKfT1bqETtUr9JygIz6GZ+gql8v7CijClsP0laoFUdKzxFAoWuRdSlOdU2+crss+cMf+cqMTnw==",
      "requires": {
        "tslib": "~2.1.0"
      }
    },
    "spinal-core-connectorjs": {
      "version": "git+https://github.com/spinalcom/spinal-core-connectorjs.git#1246a1a6e6efd2f22323d8c0f7fdcbab4584f4bd",
      "from": "git+https://github.com/spinalcom/spinal-core-connectorjs.git",
      "requires": {
        "xhr2": "^0.1.3"
      }
    },
    "spinal-core-connectorjs_type": {
      "version": "git+https://github.com/spinalcom/spinal-core-connectorjs_type.git#f1470e66779a1d2ee061d1c2e848ee1060b39ee4",
      "from": "git+https://github.com/spinalcom/spinal-core-connectorjs_type.git",
      "requires": {
        "spinal-core-connectorjs": "git+https://github.com/spinalcom/spinal-core-connectorjs.git"
      }
    },
    "tslib": {
      "version": "2.1.0",
      "resolved": "https://registry.npmjs.org/tslib/-/tslib-2.1.0.tgz",
      "integrity": "sha512-hcVC3wYEziELGGmEEXue7D75zbwIIVUMWAVbHItGPx0ziyXxrOMQx4rQEVEV45Ut/1IotuEvwqPopzIOkDMf0A=="
    },
    "type-fest": {
      "version": "1.2.2",
      "resolved": "https://registry.npmjs.org/type-fest/-/type-fest-1.2.2.tgz",
      "integrity": "sha512-pfkPYCcuV0TJoo/jlsUeWNV8rk7uMU6ocnYNvca1Vu+pyKi8Rl8Zo2scPt9O72gCsXIm+dMxOOWuA3VFDSdzWA=="
    },
    "typescript": {
      "version": "4.3.5",
      "resolved": "https://registry.npmjs.org/typescript/-/typescript-4.3.5.tgz",
      "integrity": "sha512-DqQgihaQ9cUrskJo9kIyW/+g0Vxsk8cDtZ52a3NGh0YNTfpUSArXSohyUGnvbPazEPLu398C0UxmKSOrPumUzA==",
      "dev": true
    },
    "xhr2": {
      "version": "0.1.4",
      "resolved": "https://registry.npmjs.org/xhr2/-/xhr2-0.1.4.tgz",
      "integrity": "sha1-f4dliEdxbbUCYyOBL4GMras4el8="
    }
  }
}
